
Microsoft Visual Studio Solution File, Format Version 12.00
# Visual Studio Version 17
VisualStudioVersion = 17.0.32014.148
MinimumVisualStudioVersion = 10.0.40219.1
Project("{FAE04EC0-301F-11D3-BF4B-00C04F79EFBC}") = "NZWalks.API", "NZWalks.API\NZWalks.API.csproj", "{D3968DC0-0F09-4046-9A5C-1CC432F50511}"
EndProject
Global
	GlobalSection(SolutionConfigurationPlatforms) = preSolution
		Debug|Any CPU = Debug|Any CPU
		Release|Any CPU = Release|Any CPU
	EndGlobalSection
	GlobalSection(ProjectConfigurationPlatforms) = postSolution
		{D3968DC0-0F09-4046-9A5C-1CC432F50511}.Debug|Any CPU.ActiveCfg = Debug|Any CPU
		{D3968DC0-0F09-4046-9A5C-1CC432F50511}.Debug|Any CPU.Build.0 = Debug|Any CPU
		{D3968DC0-0F09-4046-9A5C-1CC432F50511}.Release|Any CPU.ActiveCfg = Release|Any CPU
		{D3968DC0-0F09-4046-9A5C-1CC432F50511}.Release|Any CPU.Build.0 = Release|Any CPU
	EndGlobalSection
	GlobalSection(SolutionProperties) = preSolution
		HideSolutionNode = FALSE
	EndGlobalSection
	GlobalSection(ExtensibilityGlobals) = postSolution
		SolutionGuid = {CDAFE097-5025-4012-9AD8-BB263BD2496D}
	EndGlobalSection
EndGlobal
